
Microsoft Visual Studio Solution File, Format Version 12.00
# Visual Studio 15
VisualStudioVersion = 15.0.27428.2002
MinimumVisualStudioVersion = 10.0.40219.1
Project("{FAE04EC0-301F-11D3-BF4B-00C04F79EFBC}") = "MegaStore.Web", "MegaStore.Web\MegaStore.Web.csproj", "{5D0C819B-0CB5-43D6-9D42-93F9EA960826}"
EndProject
Project("{E53339B2-1760-4266-BCC7-CA923CBCF16C}") = "docker-compose", "docker-compose.dcproj", "{62BCF9D7-9DBC-4538-B147-68C4CB08C1BE}"
EndProject
Project("{FAE04EC0-301F-11D3-BF4B-00C04F79EFBC}") = "MegaStore.Helper", "MegaStore.Helper\MegaStore.Helper.csproj", "{946D55F8-F5C9-4DE6-971C-7A95675AC47C}"
EndProject
Global
	GlobalSection(SolutionConfigurationPlatforms) = preSolution
		Debug|Any CPU = Debug|Any CPU
		Release|Any CPU = Release|Any CPU
	EndGlobalSection
	GlobalSection(ProjectConfigurationPlatforms) = postSolution
		{5D0C819B-0CB5-43D6-9D42-93F9EA960826}.Debug|Any CPU.ActiveCfg = Debug|Any CPU
		{5D0C819B-0CB5-43D6-9D42-93F9EA960826}.Debug|Any CPU.Build.0 = Debug|Any CPU
		{5D0C819B-0CB5-43D6-9D42-93F9EA960826}.Release|Any CPU.ActiveCfg = Release|Any CPU
		{5D0C819B-0CB5-43D6-9D42-93F9EA960826}.Release|Any CPU.Build.0 = Release|Any CPU
		{62BCF9D7-9DBC-4538-B147-68C4CB08C1BE}.Debug|Any CPU.ActiveCfg = Debug|Any CPU
		{62BCF9D7-9DBC-4538-B147-68C4CB08C1BE}.Debug|Any CPU.Build.0 = Debug|Any CPU
		{62BCF9D7-9DBC-4538-B147-68C4CB08C1BE}.Release|Any CPU.ActiveCfg = Release|Any CPU
		{62BCF9D7-9DBC-4538-B147-68C4CB08C1BE}.Release|Any CPU.Build.0 = Release|Any CPU
		{946D55F8-F5C9-4DE6-971C-7A95675AC47C}.Debug|Any CPU.ActiveCfg = Debug|Any CPU
		{946D55F8-F5C9-4DE6-971C-7A95675AC47C}.Debug|Any CPU.Build.0 = Debug|Any CPU
		{946D55F8-F5C9-4DE6-971C-7A95675AC47C}.Release|Any CPU.ActiveCfg = Release|Any CPU
		{946D55F8-F5C9-4DE6-971C-7A95675AC47C}.Release|Any CPU.Build.0 = Release|Any CPU
	EndGlobalSection
	GlobalSection(SolutionProperties) = preSolution
		HideSolutionNode = FALSE
	EndGlobalSection
	GlobalSection(ExtensibilityGlobals) = postSolution
		SolutionGuid = {258C8290-7153-4434-B3F4-A0E376937287}
	EndGlobalSection
EndGlobal
